{
  "name": "ekklesia",
  "version": "0.1.0",
  "lockfileVersion": 3,
  "requires": true,
  "packages": {
    "": {
      "name": "ekklesia",
      "version": "0.1.0",
      "dependencies": {
        "pnpm": "^11.3.0"
      },
      "devDependencies": {
        "@types/node": "^20.14.0",
        "prettier": "^3.3.3",
        "turbo": "^2.1.3",
        "typescript": "^5.6.3"
      },
      "engines": {
        "node": ">=20.11.0",
        "pnpm": ">=9.0.0"
      }
    },
    "node_modules/@turbo/darwin-64": {
      "version": "2.9.15",
      "resolved": "https://registry.npmjs.org/@turbo/darwin-64/-/darwin-64-2.9.15.tgz",
      "integrity": "sha512-nnDo9R1Df+s2x6jxlERtbg7xRpuicf8p4J2krcnjeaMBt3q9V41pGXa4t9YM2Y4ozozsVJ+CH405CJUrWIQK4Q==",
      "cpu": [
        "x64"
      ],
      "dev": true,
      "license": "MIT",
      "optional": true,
      "os": [
        "darwin"
      ]
    },
    "node_modules/@turbo/darwin-arm64": {
      "version": "2.9.15",
      "resolved": "https://registry.npmjs.org/@turbo/darwin-arm64/-/darwin-arm64-2.9.15.tgz",
      "integrity": "sha512-fDSx56oqoFuS+yUQw7hqjQTkjrSLdMcplhuLC8HcSkWC6YrpwEmUUYsPYHPxy4ALvLxnmPQuk6XoSD8tdkjP+g==",
      "cpu": [
        "arm64"
      ],
      "dev": true,
      "license": "MIT",
      "optional": true,
      "os": [
        "darwin"
      ]
    },
    "node_modules/@turbo/linux-64": {
      "version": "2.9.15",
      "resolved": "https://registry.npmjs.org/@turbo/linux-64/-/linux-64-2.9.15.tgz",
      "integrity": "sha512-/bmxn+x/xE+oh0VzEXt/zf2zsORAYZPrL3db5/VrXzYt0Z4wxcvffwJBGlSfla2smfS1BLGBiyWldJlWDXJVXA==",
      "cpu": [
        "x64"
      ],
      "dev": true,
      "license": "MIT",
      "optional": true,
      "os": [
        "linux"
      ]
    },
    "node_modules/@turbo/linux-arm64": {
      "version": "2.9.15",
      "resolved": "https://registry.npmjs.org/@turbo/linux-arm64/-/linux-arm64-2.9.15.tgz",
      "integrity": "sha512-cbOaDe1ijz5As+mimOOHgmRMolZZZO7miNBHHp5xdiYMm2Q/Dwu1JVLx/Kw4s7xjocG/oEoHrpHrxpEAIEfNiw==",
      "cpu": [
        "arm64"
      ],
      "dev": true,
      "license": "MIT",
      "optional": true,
      "os": [
        "linux"
      ]
    },
    "node_modules/@turbo/windows-64": {
      "version": "2.9.15",
      "resolved": "https://registry.npmjs.org/@turbo/windows-64/-/windows-64-2.9.15.tgz",
      "integrity": "sha512-/Fzm7afui7uK7dFBwrTXKuDhBBTiHk5I+hMVAPMR7cqQyDo2norCNUsN9PdNuYcmzYbhSOxzz498wQYvSAz29w==",
      "cpu": [
        "x64"
      ],
      "dev": true,
      "license": "MIT",
      "optional": true,
      "os": [
        "win32"
      ]
    },
    "node_modules/@turbo/windows-arm64": {
      "version": "2.9.15",
      "resolved": "https://registry.npmjs.org/@turbo/windows-arm64/-/windows-arm64-2.9.15.tgz",
      "integrity": "sha512-fOHEsLcqVdFXLw2ApWv4gxwfHzkUnpo9rHGml+9+dyHj148m/Bc+556kEvb5+4u6prI1LMd8zEZE2HcO6Jn2VQ==",
      "cpu": [
        "arm64"
      ],
      "dev": true,
      "license": "MIT",
      "optional": true,
      "os": [
        "win32"
      ]
    },
    "node_modules/@types/node": {
      "version": "20.19.41",
      "resolved": "https://registry.npmjs.org/@types/node/-/node-20.19.41.tgz",
      "integrity": "sha512-ECymXOukMnOoVkC2bb1Vc/w/836DXncOg5m8Xj1RH7xSHZJWNYY6Zh7EH477vcnD5egKNNfy2RpNOmuChhFPgQ==",
      "dev": true,
      "license": "MIT",
      "dependencies": {
        "undici-types": "~6.21.0"
      }
    },
    "node_modules/pnpm": {
      "version": "11.3.0",
      "resolved": "https://registry.npmjs.org/pnpm/-/pnpm-11.3.0.tgz",
      "integrity": "sha512-LEA9ZZRScodnKx9wVjQ6H3w2NANqZ/+r/MKz11ldhDdo+HhxSNG1fPeVbJBga70ZKFfDY68Z6W0tDsnsV0HSFQ==",
      "license": "MIT",
      "bin": {
        "pn": "bin/pnpm.mjs",
        "pnpm": "bin/pnpm.mjs",
        "pnpx": "bin/pnpx.mjs",
        "pnx": "bin/pnpx.mjs"
      },
      "engines": {
        "node": ">=22.13"
      },
      "funding": {
        "url": "https://opencollective.com/pnpm"
      }
    },
    "node_modules/prettier": {
      "version": "3.8.3",
      "resolved": "https://registry.npmjs.org/prettier/-/prettier-3.8.3.tgz",
      "integrity": "sha512-7igPTM53cGHMW8xWuVTydi2KO233VFiTNyF5hLJqpilHfmn8C8gPf+PS7dUT64YcXFbiMGZxS9pCSxL/Dxm/Jw==",
      "dev": true,
      "license": "MIT",
      "bin": {
        "prettier": "bin/prettier.cjs"
      },
      "engines": {
        "node": ">=14"
      },
      "funding": {
        "url": "https://github.com/prettier/prettier?sponsor=1"
      }
    },
    "node_modules/turbo": {
      "version": "2.9.15",
      "resolved": "https://registry.npmjs.org/turbo/-/turbo-2.9.15.tgz",
      "integrity": "sha512-VpKvD9Z0Hu/xrGUAYX1wnhfpqv835wIwGqeKfulvBPTOcDap0E3nFwyzCAVV85fB1sBcBDEfTP+7FSW7GzwWSQ==",
      "dev": true,
      "license": "MIT",
      "bin": {
        "turbo": "bin/turbo"
      },
      "optionalDependencies": {
        "@turbo/darwin-64": "2.9.15",
        "@turbo/darwin-arm64": "2.9.15",
        "@turbo/linux-64": "2.9.15",
        "@turbo/linux-arm64": "2.9.15",
        "@turbo/windows-64": "2.9.15",
        "@turbo/windows-arm64": "2.9.15"
      }
    },
    "node_modules/typescript": {
      "version": "5.9.3",
      "resolved": "https://registry.npmjs.org/typescript/-/typescript-5.9.3.tgz",
      "integrity": "sha512-jl1vZzPDinLr9eUt3J/t7V6FgNEw9QjvBPdysz9KfQDD41fQrC2Y4vKQdiaUpFT4bXlb1RHhLpp8wtm6M5TgSw==",
      "dev": true,
      "license": "Apache-2.0",
      "bin": {
        "tsc": "bin/tsc",
        "tsserver": "bin/tsserver"
      },
      "engines": {
        "node": ">=14.17"
      }
    },
    "node_modules/undici-types": {
      "version": "6.21.0",
      "resolved": "https://registry.npmjs.org/undici-types/-/undici-types-6.21.0.tgz",
      "integrity": "sha512-iwDZqg0QAGrg9Rav5H4n0M64c3mkR59cJ6wQp+7C4nI0gsmExaedaYLNO44eT4AtBBwjbTiGPMlt2Md0T9H9JQ==",
      "dev": true,
      "license": "MIT"
    }
  }
}
